
Microsoft Visual Studio Solution File, Format Version 12.00
# Visual Studio Version 16
VisualStudioVersion = 16.0.31829.152
MinimumVisualStudioVersion = 10.0.40219.1
Project("{FAE04EC0-301F-11D3-BF4B-00C04F79EFBC}") = "GroceryStore.Api", "GroceryStore.Api\GroceryStore.Api.csproj", "{0E64A18E-8A4B-4E23-88C7-49DC68F1D510}"
EndProject
Global
	GlobalSection(SolutionConfigurationPlatforms) = preSolution
		Debug|Any CPU = Debug|Any CPU
		Release|Any CPU = Release|Any CPU
	EndGlobalSection
	GlobalSection(ProjectConfigurationPlatforms) = postSolution
		{0E64A18E-8A4B-4E23-88C7-49DC68F1D510}.Debug|Any CPU.ActiveCfg = Debug|Any CPU
		{0E64A18E-8A4B-4E23-88C7-49DC68F1D510}.Debug|Any CPU.Build.0 = Debug|Any CPU
		{0E64A18E-8A4B-4E23-88C7-49DC68F1D510}.Release|Any CPU.ActiveCfg = Release|Any CPU
		{0E64A18E-8A4B-4E23-88C7-49DC68F1D510}.Release|Any CPU.Build.0 = Release|Any CPU
	EndGlobalSection
	GlobalSection(SolutionProperties) = preSolution
		HideSolutionNode = FALSE
	EndGlobalSection
	GlobalSection(ExtensibilityGlobals) = postSolution
		SolutionGuid = {64497F9A-F0CA-44B6-8719-D3AD0B8FC36C}
	EndGlobalSection
EndGlobal
